
Microsoft Visual Studio Solution File, Format Version 12.00
# Visual Studio Version 16
VisualStudioVersion = 16.0.30413.136
MinimumVisualStudioVersion = 10.0.40219.1
Project("{FAE04EC0-301F-11D3-BF4B-00C04F79EFBC}") = "BinarySearchTree", "BinarySearchTree\BinarySearchTree.csproj", "{BFE8305E-FBC6-47C7-BDFA-996F7E647C74}"
EndProject
Global
	GlobalSection(SolutionConfigurationPlatforms) = preSolution
		Debug|Any CPU = Debug|Any CPU
		Release|Any CPU = Release|Any CPU
	EndGlobalSection
	GlobalSection(ProjectConfigurationPlatforms) = postSolution
		{BFE8305E-FBC6-47C7-BDFA-996F7E647C74}.Debug|Any CPU.ActiveCfg = Debug|Any CPU
		{BFE8305E-FBC6-47C7-BDFA-996F7E647C74}.Debug|Any CPU.Build.0 = Debug|Any CPU
		{BFE8305E-FBC6-47C7-BDFA-996F7E647C74}.Release|Any CPU.ActiveCfg = Release|Any CPU
		{BFE8305E-FBC6-47C7-BDFA-996F7E647C74}.Release|Any CPU.Build.0 = Release|Any CPU
	EndGlobalSection
	GlobalSection(SolutionProperties) = preSolution
		HideSolutionNode = FALSE
	EndGlobalSection
	GlobalSection(ExtensibilityGlobals) = postSolution
		SolutionGuid = {ECE29A65-6A6B-4BAC-AC1F-4575A7B94F3B}
	EndGlobalSection
EndGlobal
